
Microsoft Visual Studio Solution File, Format Version 12.00
# Visual Studio Version 16
VisualStudioVersion = 16.0.30204.135
MinimumVisualStudioVersion = 10.0.40219.1
Project("{FAE04EC0-301F-11D3-BF4B-00C04F79EFBC}") = "Learn.OrchardCore.SimpleClassLibrary", "Learn.OrchardCore.SimpleClassLibrary\Learn.OrchardCore.SimpleClassLibrary.csproj", "{09739E6A-9B2E-4CD8-8D12-479C535D77B2}"
EndProject
Project("{FAE04EC0-301F-11D3-BF4B-00C04F79EFBC}") = "Learn.OrchardCore.WebApplication", "Learn.OrchardCore.WebApplication\Learn.OrchardCore.WebApplication.csproj", "{44A3C38F-D3E1-4A84-963A-658780F70A21}"
EndProject
Global
	GlobalSection(SolutionConfigurationPlatforms) = preSolution
		Debug|Any CPU = Debug|Any CPU
		Release|Any CPU = Release|Any CPU
	EndGlobalSection
	GlobalSection(ProjectConfigurationPlatforms) = postSolution
		{09739E6A-9B2E-4CD8-8D12-479C535D77B2}.Debug|Any CPU.ActiveCfg = Debug|Any CPU
		{09739E6A-9B2E-4CD8-8D12-479C535D77B2}.Debug|Any CPU.Build.0 = Debug|Any CPU
		{09739E6A-9B2E-4CD8-8D12-479C535D77B2}.Release|Any CPU.ActiveCfg = Release|Any CPU
		{09739E6A-9B2E-4CD8-8D12-479C535D77B2}.Release|Any CPU.Build.0 = Release|Any CPU
		{44A3C38F-D3E1-4A84-963A-658780F70A21}.Debug|Any CPU.ActiveCfg = Debug|Any CPU
		{44A3C38F-D3E1-4A84-963A-658780F70A21}.Debug|Any CPU.Build.0 = Debug|Any CPU
		{44A3C38F-D3E1-4A84-963A-658780F70A21}.Release|Any CPU.ActiveCfg = Release|Any CPU
		{44A3C38F-D3E1-4A84-963A-658780F70A21}.Release|Any CPU.Build.0 = Release|Any CPU
	EndGlobalSection
	GlobalSection(SolutionProperties) = preSolution
		HideSolutionNode = FALSE
	EndGlobalSection
	GlobalSection(ExtensibilityGlobals) = postSolution
		SolutionGuid = {00643DBC-9672-47E0-A2D1-F569DC078491}
	EndGlobalSection
EndGlobal
