
Microsoft Visual Studio Solution File, Format Version 12.00
# Visual Studio Version 16
VisualStudioVersion = 16.0.30204.135
MinimumVisualStudioVersion = 10.0.40219.1
Project("{FAE04EC0-301F-11D3-BF4B-00C04F79EFBC}") = "Learn.OrchardCore.WebApp", "Learn.OrchardCore.WebApp\Learn.OrchardCore.WebApp.csproj", "{9867BAE3-C87F-424D-9652-E23496C130D8}"
EndProject
Global
	GlobalSection(SolutionConfigurationPlatforms) = preSolution
		Debug|Any CPU = Debug|Any CPU
		Release|Any CPU = Release|Any CPU
	EndGlobalSection
	GlobalSection(ProjectConfigurationPlatforms) = postSolution
		{9867BAE3-C87F-424D-9652-E23496C130D8}.Debug|Any CPU.ActiveCfg = Debug|Any CPU
		{9867BAE3-C87F-424D-9652-E23496C130D8}.Debug|Any CPU.Build.0 = Debug|Any CPU
		{9867BAE3-C87F-424D-9652-E23496C130D8}.Release|Any CPU.ActiveCfg = Release|Any CPU
		{9867BAE3-C87F-424D-9652-E23496C130D8}.Release|Any CPU.Build.0 = Release|Any CPU
	EndGlobalSection
	GlobalSection(SolutionProperties) = preSolution
		HideSolutionNode = FALSE
	EndGlobalSection
	GlobalSection(ExtensibilityGlobals) = postSolution
		SolutionGuid = {00643DBC-9672-47E0-A2D1-F569DC078491}
	EndGlobalSection
EndGlobal
